<Solution>
  <Folder Name="/src/">
    <Project Path="src/GameAnalytics.Api/GameAnalytics.Api.csproj" />
    <Project Path="src/GameAnalytics.Application/GameAnalytics.Application.csproj" />
    <Project Path="src/GameAnalytics.Domain/GameAnalytics.Domain.csproj" />
    <Project Path="src/GameAnalytics.Infrastructure/GameAnalytics.Infrastructure.csproj" />
  </Folder>
  <Folder Name="/tests/">
    <Project Path="tests/GameAnalytics.Domain.Tests/GameAnalytics.Domain.Tests.csproj" />
    <Project Path="tests/GameAnalytics.Infrastructure.Tests/GameAnalytics.Infrastructure.Tests.csproj" />
  </Folder>
</Solution>
